// !$*UTF8*$!
{
	archiveVersion = 1;
	classes = {
	};
	objectVersion = 46;
	objects = {

/* Begin PBXBuildFile section */
		7CF76D901CACA42500FEC1C9 /* AppDelegate.swift in Sources */ = {isa = PBXBuildFile; fileRef = 7CF76D8F1CACA42500FEC1C9 /* AppDelegate.swift */; };
		7CF76D941CACA42500FEC1C9 /* Assets.xcassets in Resources */ = {isa = PBXBuildFile; fileRef = 7CF76D931CACA42500FEC1C9 /* Assets.xcassets */; };
		7CF76D971CACA42500FEC1C9 /* Main.storyboard in Resources */ = {isa = PBXBuildFile; fileRef = 7CF76D951CACA42500FEC1C9 /* Main.storyboard */; };
		7CF76DA21CACA42500FEC1C9 /* TimeGirlTests.swift in Sources */ = {isa = PBXBuildFile; fileRef = 7CF76DA11CACA42500FEC1C9 /* TimeGirlTests.swift */; };
/* End PBXBuildFile section */

/* Begin PBXContainerItemProxy section */
		7CF76D9E1CACA42500FEC1C9 /* PBXContainerItemProxy */ = {
			isa = PBXContainerItemProxy;
			containerPortal = 7CF76D841CACA42500FEC1C9 /* Project object */;
			proxyType = 1;
			remoteGlobalIDString = 7CF76D8B1CACA42500FEC1C9;
			remoteInfo = TimeGirl;
		};
/* End PBXContainerItemProxy section */

/* Begin PBXFileReference section */
		7CF76D8C1CACA42500FEC1C9 /* TimeGirl.app */ = {isa = PBXFileReference; explicitFileType = wrapper.application; includeInIndex = 0; path = TimeGirl.app; sourceTree = BUILT_PRODUCTS_DIR; };
		7CF76D8F1CACA42500FEC1C9 /* AppDelegate.swift */ = {isa = PBXFileReference; lastKnownFileType = sourcecode.swift; path = AppDelegate.swift; sourceTree = "<group>"; };
		7CF76D931CACA42500FEC1C9 /* Assets.xcassets */ = {isa = PBXFileReference; lastKnownFileType = folder.assetcatalog; path = Assets.xcassets; sourceTree = "<group>"; };
		7CF76D961CACA42500FEC1C9 /* Base */ = {isa = PBXFileReference; lastKnownFileType = file.storyboard; name = Base; path = Base.lproj/Main.storyboard; sourceTree = "<group>"; };
		7CF76D981CACA42500FEC1C9 /* Info.plist */ = {isa = PBXFileReference; lastKnownFileType = text.plist.xml; path = Info.plist; sourceTree = "<group>"; };
		7CF76D9D1CACA42500FEC1C9 /* TimeGirlTests.xctest */ = {isa = PBXFileReference; explicitFileType = wrapper.cfbundle; includeInIndex = 0; path = TimeGirlTests.xctest; sourceTree = BUILT_PRODUCTS_DIR; };
		7CF76DA11CACA42500FEC1C9 /* TimeGirlTests.swift */ = {isa = PBXFileReference; lastKnownFileType = sourcecode.swift; path = TimeGirlTests.swift; sourceTree = "<group>"; };
		7CF76DA31CACA42500FEC1C9 /* Info.plist */ = {isa = PBXFileReference; lastKnownFileType = text.plist.xml; path = Info.plist; sourceTree = "<group>"; };
/* End PBXFileReference section */

/* Begin PBXFrameworksBuildPhase section */
		7CF76D891CACA42500FEC1C9 /* Frameworks */ = {
			isa = PBXFrameworksBuildPhase;
			buildActionMask = 2147483647;
			files = (
			);
			runOnlyForDeploymentPostprocessing = 0;
		};
		7CF76D9A1CACA42500FEC1C9 /* Frameworks */ = {
			isa = PBXFrameworksBuildPhase;
			buildActionMask = 2147483647;
			files = (
			);
			runOnlyForDeploymentPostprocessing = 0;
		};
/* End PBXFrameworksBuildPhase section */

/* Begin PBXGroup section */
		7CF76D831CACA42500FEC1C9 = {
			isa = PBXGroup;
			children = (
				7CF76D8E1CACA42500FEC1C9 /* TimeGirl */,
				7CF76DA01CACA42500FEC1C9 /* TimeGirlTests */,
				7CF76D8D1CACA42500FEC1C9 /* Products */,
			);
			sourceTree = "<group>";
		};
		7CF76D8D1CACA42500FEC1C9 /* Products */ = {
			isa = PBXGroup;
			children = (
				7CF76D8C1CACA42500FEC1C9 /* TimeGirl.app */,
				7CF76D9D1CACA42500FEC1C9 /* TimeGirlTests.xctest */,
			);
			name = Products;
			sourceTree = "<group>";
		};
		7CF76D8E1CACA42500FEC1C9 /* TimeGirl */ = {
			isa = PBXGroup;
			children = (
				7CF76D8F1CACA42500FEC1C9 /* AppDelegate.swift */,
				7CF76D931CACA42500FEC1C9 /* Assets.xcassets */,
				7CF76D951CACA42500FEC1C9 /* Main.storyboard */,
				7CF76D981CACA42500FEC1C9 /* Info.plist */,
			);
			path = TimeGirl;
			sourceTree = "<group>";
		};
		7CF76DA01CACA42500FEC1C9 /* TimeGirlTests */ = {
			isa = PBXGroup;
			children = (
				7CF76DA11CACA42500FEC1C9 /* TimeGirlTests.swift */,
				7CF76DA31CACA42500FEC1C9 /* Info.plist */,
			);
			path = TimeGirlTests;
			sourceTree = "<group>";
		};
/* End PBXGroup section */

/* Begin PBXNativeTarget section */
		7CF76D8B1CACA42500FEC1C9 /* TimeGirl */ = {
			isa = PBXNativeTarget;
			buildConfigurationList = 7CF76DA61CACA42500FEC1C9 /* Build configuration list for PBXNativeTarget "TimeGirl" */;
			buildPhases = (
				7CF76D881CACA42500FEC1C9 /* Sources */,
				7CF76D891CACA42500FEC1C9 /* Frameworks */,
				7CF76D8A1CACA42500FEC1C9 /* Resources */,
			);
			buildRules = (
			);
			dependencies = (
			);
			name = TimeGirl;
			productName = TimeGirl;
			productReference = 7CF76D8C1CACA42500FEC1C9 /* TimeGirl.app */;
			productType = "com.apple.product-type.application";
		};
		7CF76D9C1CACA42500FEC1C9 /* TimeGirlTests */ = {
			isa = PBXNativeTarget;
			buildConfigurationList = 7CF76DA91CACA42500FEC1C9 /* Build configuration list for PBXNativeTarget "TimeGirlTests" */;
			buildPhases = (
				7CF76D991CACA42500FEC1C9 /* Sources */,
				7CF76D9A1CACA42500FEC1C9 /* Frameworks */,
				7CF76D9B1CACA42500FEC1C9 /* Resources */,
			);
			buildRules = (
			);
			dependencies = (
				7CF76D9F1CACA42500FEC1C9 /* PBXTargetDependency */,
			);
			name = TimeGirlTests;
			productName = TimeGirlTests;
			productReference = 7CF76D9D1CACA42500FEC1C9 /* TimeGirlTests.xctest */;
			productType = "com.apple.product-type.bundle.unit-test";
		};
/* End PBXNativeTarget section */

/* Begin PBXProject section */
		7CF76D841CACA42500FEC1C9 /* Project object */ = {
			isa = PBXProject;
			attributes = {
				LastSwiftUpdateCheck = 0730;
				LastUpgradeCheck = 0730;
				ORGANIZATIONNAME = "Joseph W. Dixon";
				TargetAttributes = {
					7CF76D8B1CACA42500FEC1C9 = {
						CreatedOnToolsVersion = 7.3;
					};
					7CF76D9C1CACA42500FEC1C9 = {
						CreatedOnToolsVersion = 7.3;
						TestTargetID = 7CF76D8B1CACA42500FEC1C9;
					};
				};
			};
			buildConfigurationList = 7CF76D871CACA42500FEC1C9 /* Build configuration list for PBXProject "TimeGirl" */;
			compatibilityVersion = "Xcode 3.2";
			developmentRegion = English;
			hasScannedForEncodings = 0;
			knownRegions = (
				en,
				Base,
			);
			mainGroup = 7CF76D831CACA42500FEC1C9;
			productRefGroup = 7CF76D8D1CACA42500FEC1C9 /* Products */;
			projectDirPath = "";
			projectRoot = "";
			targets = (
				7CF76D8B1CACA42500FEC1C9 /* TimeGirl */,
				7CF76D9C1CACA42500FEC1C9 /* TimeGirlTests */,
			);
		};
/* End PBXProject section */

/* Begin PBXResourcesBuildPhase section */
		7CF76D8A1CACA42500FEC1C9 /* Resources */ = {
			isa = PBXResourcesBuildPhase;
			buildActionMask = 2147483647;
			files = (
				7CF76D941CACA42500FEC1C9 /* Assets.xcassets in Resources */,
				7CF76D971CACA42500FEC1C9 /* Main.storyboard in Resources */,
			);
			runOnlyForDeploymentPostprocessing = 0;
		};
		7CF76D9B1CACA42500FEC1C9 /* Resources */ = {
			isa = PBXResourcesBuildPhase;
			buildActionMask = 2147483647;
			files = (
			);
			runOnlyForDeploymentPostprocessing = 0;
		};
/* End PBXResourcesBuildPhase section */

/* Begin PBXSourcesBuildPhase section */
		7CF76D881CACA42500FEC1C9 /* Sources */ = {
			isa = PBXSourcesBuildPhase;
			buildActionMask = 2147483647;
			files = (
				7CF76D901CACA42500FEC1C9 /* AppDelegate.swift in Sources */,
			);
			runOnlyForDeploymentPostprocessing = 0;
		};
		7CF76D991CACA42500FEC1C9 /* Sources */ = {
			isa = PBXSourcesBuildPhase;
			buildActionMask = 2147483647;
			files = (
				7CF76DA21CACA42500FEC1C9 /* TimeGirlTests.swift in Sources */,
			);
			runOnlyForDeploymentPostprocessing = 0;
		};
/* End PBXSourcesBuildPhase section */

/* Begin PBXTargetDependency section */
		7CF76D9F1CACA42500FEC1C9 /* PBXTargetDependency */ = {
			isa = PBXTargetDependency;
			target = 7CF76D8B1CACA42500FEC1C9 /* TimeGirl */;
			targetProxy = 7CF76D9E1CACA42500FEC1C9 /* PBXContainerItemProxy */;
		};
/* End PBXTargetDependency section */

/* Begin PBXVariantGroup section */
		7CF76D951CACA42500FEC1C9 /* Main.storyboard */ = {
			isa = PBXVariantGroup;
			children = (
				7CF76D961CACA42500FEC1C9 /* Base */,
			);
			name = Main.storyboard;
			sourceTree = "<group>";
		};
/* End PBXVariantGroup section */

/* Begin XCBuildConfiguration section */
		7CF76DA41CACA42500FEC1C9 /* Debug */ = {
			isa = XCBuildConfiguration;
			buildSettings = {
				ALWAYS_SEARCH_USER_PATHS = NO;
				CLANG_ANALYZER_NONNULL = YES;
				CLANG_CXX_LANGUAGE_STANDARD = "gnu++0x";
				CLANG_CXX_LIBRARY = "libc++";
				CLANG_ENABLE_MODULES = YES;
				CLANG_ENABLE_OBJC_ARC = YES;
				CLANG_WARN_BOOL_CONVERSION = YES;
				CLANG_WARN_CONSTANT_CONVERSION = YES;
				CLANG_WARN_DIRECT_OBJC_ISA_USAGE = YES_ERROR;
				CLANG_WARN_EMPTY_BODY = YES;
				CLANG_WARN_ENUM_CONVERSION = YES;
				CLANG_WARN_INT_CONVERSION = YES;
				CLANG_WARN_OBJC_ROOT_CLASS = YES_ERROR;
				CLANG_WARN_UNREACHABLE_CODE = YES;
				CLANG_WARN__DUPLICATE_METHOD_MATCH = YES;
				CODE_SIGN_IDENTITY = "-";
				COPY_PHASE_STRIP = NO;
				DEBUG_INFORMATION_FORMAT = dwarf;
				ENABLE_STRICT_OBJC_MSGSEND = YES;
				ENABLE_TESTABILITY = YES;
				GCC_C_LANGUAGE_STANDARD = gnu99;
				GCC_DYNAMIC_NO_PIC = NO;
				GCC_NO_COMMON_BLOCKS = YES;
				GCC_OPTIMIZATION_LEVEL = 0;
				GCC_PREPROCESSOR_DEFINITIONS = (
					"DEBUG=1",
					"$(inherited)",
				);
				GCC_WARN_64_TO_32_BIT_CONVERSION = YES;
				GCC_WARN_ABOUT_RETURN_TYPE = YES_ERROR;
				GCC_WARN_UNDECLARED_SELECTOR = YES;
				GCC_WARN_UNINITIALIZED_AUTOS = YES_AGGRESSIVE;
				GCC_WARN_UNUSED_FUNCTION = YES;
				GCC_WARN_UNUSED_VARIABLE = YES;
				MACOSX_DEPLOYMENT_TARGET = 10.11;
				MTL_ENABLE_DEBUG_INFO = YES;
				ONLY_ACTIVE_ARCH = YES;
				SDKROOT = macosx;
				SWIFT_OPTIMIZATION_LEVEL = "-Onone";
			};
			name = Debug;
		};
		7CF76DA51CACA42500FEC1C9 /* Release */ = {
			isa = XCBuildConfiguration;
			buildSettings = {
				ALWAYS_SEARCH_USER_PATHS = NO;
				CLANG_ANALYZER_NONNULL = YES;
				CLANG_CXX_LANGUAGE_STANDARD = "gnu++0x";
				CLANG_CXX_LIBRARY = "libc++";
				CLANG_ENABLE_MODULES = YES;
				CLANG_ENABLE_OBJC_ARC = YES;
				CLANG_WARN_BOOL_CONVERSION = YES;
				CLANG_WARN_CONSTANT_CONVERSION = YES;
				CLANG_WARN_DIRECT_OBJC_ISA_USAGE = YES_ERROR;
				CLANG_WARN_EMPTY_BODY = YES;
				CLANG_WARN_ENUM_CONVERSION = YES;
				CLANG_WARN_INT_CONVERSION = YES;
				CLANG_WARN_OBJC_ROOT_CLASS = YES_ERROR;
				CLANG_WARN_UNREACHABLE_CODE = YES;
				CLANG_WARN__DUPLICATE_METHOD_MATCH = YES;
				CODE_SIGN_IDENTITY = "-";
				COPY_PHASE_STRIP = NO;
				DEBUG_INFORMATION_FORMAT = "dwarf-with-dsym";
				ENABLE_NS_ASSERTIONS = NO;
				ENABLE_STRICT_OBJC_MSGSEND = YES;
				GCC_C_LANGUAGE_STANDARD = gnu99;
				GCC_NO_COMMON_BLOCKS = YES;
				GCC_WARN_64_TO_32_BIT_CONVERSION = YES;
				GCC_WARN_ABOUT_RETURN_TYPE = YES_ERROR;
				GCC_WARN_UNDECLARED_SELECTOR = YES;
				GCC_WARN_UNINITIALIZED_AUTOS = YES_AGGRESSIVE;
				GCC_WARN_UNUSED_FUNCTION = YES;
				GCC_WARN_UNUSED_VARIABLE = YES;
				MACOSX_DEPLOYMENT_TARGET = 10.11;
				MTL_ENABLE_DEBUG_INFO = NO;
				SDKROOT = macosx;
			};
			name = Release;
		};
		7CF76DA71CACA42500FEC1C9 /* Debug */ = {
			isa = XCBuildConfiguration;
			buildSettings = {
				ASSETCATALOG_COMPILER_APPICON_NAME = AppIcon;
				COMBINE_HIDPI_IMAGES = YES;
				INFOPLIST_FILE = TimeGirl/Info.plist;
				LD_RUNPATH_SEARCH_PATHS = "$(inherited) @executable_path/../Frameworks";
				PRODUCT_BUNDLE_IDENTIFIER = com.josephwdixon.TimeGirl;
				PRODUCT_NAME = "$(TARGET_NAME)";
			};
			name = Debug;
		};
		7CF76DA81CACA42500FEC1C9 /* Release */ = {
			isa = XCBuildConfiguration;
			buildSettings = {
				ASSETCATALOG_COMPILER_APPICON_NAME = AppIcon;
				COMBINE_HIDPI_IMAGES = YES;
				INFOPLIST_FILE = TimeGirl/Info.plist;
				LD_RUNPATH_SEARCH_PATHS = "$(inherited) @executable_path/../Frameworks";
				PRODUCT_BUNDLE_IDENTIFIER = com.josephwdixon.TimeGirl;
				PRODUCT_NAME = "$(TARGET_NAME)";
			};
			name = Release;
		};
		7CF76DAA1CACA42500FEC1C9 /* Debug */ = {
			isa = XCBuildConfiguration;
			buildSettings = {
				BUNDLE_LOADER = "$(TEST_HOST)";
				COMBINE_HIDPI_IMAGES = YES;
				INFOPLIST_FILE = TimeGirlTests/Info.plist;
				LD_RUNPATH_SEARCH_PATHS = "$(inherited) @executable_path/../Frameworks @loader_path/../Frameworks";
				PRODUCT_BUNDLE_IDENTIFIER = com.josephwdixon.TimeGirlTests;
				PRODUCT_NAME = "$(TARGET_NAME)";
				TEST_HOST = "$(BUILT_PRODUCTS_DIR)/TimeGirl.app/Contents/MacOS/TimeGirl";
			};
			name = Debug;
		};
		7CF76DAB1CACA42500FEC1C9 /* Release */ = {
			isa = XCBuildConfiguration;
			buildSettings = {
				BUNDLE_LOADER = "$(TEST_HOST)";
				COMBINE_HIDPI_IMAGES = YES;
				INFOPLIST_FILE = TimeGirlTests/Info.plist;
				LD_RUNPATH_SEARCH_PATHS = "$(inherited) @executable_path/../Frameworks @loader_path/../Frameworks";
				PRODUCT_BUNDLE_IDENTIFIER = com.josephwdixon.TimeGirlTests;
				PRODUCT_NAME = "$(TARGET_NAME)";
				TEST_HOST = "$(BUILT_PRODUCTS_DIR)/TimeGirl.app/Contents/MacOS/TimeGirl";
			};
			name = Release;
		};
/* End XCBuildConfiguration section */

/* Begin XCConfigurationList section */
		7CF76D871CACA42500FEC1C9 /* Build configuration list for PBXProject "TimeGirl" */ = {
			isa = XCConfigurationList;
			buildConfigurations = (
				7CF76DA41CACA42500FEC1C9 /* Debug */,
				7CF76DA51CACA42500FEC1C9 /* Release */,
			);
			defaultConfigurationIsVisible = 0;
			defaultConfigurationName = Release;
		};
		7CF76DA61CACA42500FEC1C9 /* Build configuration list for PBXNativeTarget "TimeGirl" */ = {
			isa = XCConfigurationList;
			buildConfigurations = (
				7CF76DA71CACA42500FEC1C9 /* Debug */,
				7CF76DA81CACA42500FEC1C9 /* Release */,
			);
			defaultConfigurationIsVisible = 0;
		};
		7CF76DA91CACA42500FEC1C9 /* Build configuration list for PBXNativeTarget "TimeGirlTests" */ = {
			isa = XCConfigurationList;
			buildConfigurations = (
				7CF76DAA1CACA42500FEC1C9 /* Debug */,
				7CF76DAB1CACA42500FEC1C9 /* Release */,
			);
			defaultConfigurationIsVisible = 0;
		};
/* End XCConfigurationList section */
	};
	rootObject = 7CF76D841CACA42500FEC1C9 /* Project object */;
}
